
Microsoft Visual Studio Solution File, Format Version 12.00
# Visual Studio Version 17
VisualStudioVersion = 17.6.33723.286
MinimumVisualStudioVersion = 10.0.40219.1
Project("{9A19103F-16F7-4668-BE54-9A1E7A4F7556}") = "RJCP.Core.Xml", "Xml\RJCP.Core.Xml.csproj", "{C31F7AD8-1183-4D0D-BBD5-3A96CE4C5922}"
EndProject
Project("{2150E333-8FDC-42A3-9474-1A3956D46DE8}") = "Test", "Test", "{5A0294E5-38D0-4ADB-A0CA-513CC70036BB}"
EndProject
Project("{9A19103F-16F7-4668-BE54-9A1E7A4F7556}") = "RJCP.Core.XmlTest", "XmlTest\RJCP.Core.XmlTest.csproj", "{E497813F-4C84-4CC0-B1B6-413ACCC1D09B}"
EndProject
Project("{9A19103F-16F7-4668-BE54-9A1E7A4F7556}") = "RJCP.Core.XmlTest.Legacy", "XmlTest\RJCP.Core.XmlTest.Legacy.csproj", "{AF50F606-ADF6-43CB-A23E-75FA27753767}"
EndProject
Global
	GlobalSection(SolutionConfigurationPlatforms) = preSolution
		Debug|Any CPU = Debug|Any CPU
		Release|Any CPU = Release|Any CPU
	EndGlobalSection
	GlobalSection(ProjectConfigurationPlatforms) = postSolution
		{C31F7AD8-1183-4D0D-BBD5-3A96CE4C5922}.Debug|Any CPU.ActiveCfg = Debug|Any CPU
		{C31F7AD8-1183-4D0D-BBD5-3A96CE4C5922}.Debug|Any CPU.Build.0 = Debug|Any CPU
		{C31F7AD8-1183-4D0D-BBD5-3A96CE4C5922}.Release|Any CPU.ActiveCfg = Release|Any CPU
		{C31F7AD8-1183-4D0D-BBD5-3A96CE4C5922}.Release|Any CPU.Build.0 = Release|Any CPU
		{E497813F-4C84-4CC0-B1B6-413ACCC1D09B}.Debug|Any CPU.ActiveCfg = Debug|Any CPU
		{E497813F-4C84-4CC0-B1B6-413ACCC1D09B}.Debug|Any CPU.Build.0 = Debug|Any CPU
		{E497813F-4C84-4CC0-B1B6-413ACCC1D09B}.Release|Any CPU.ActiveCfg = Release|Any CPU
		{E497813F-4C84-4CC0-B1B6-413ACCC1D09B}.Release|Any CPU.Build.0 = Release|Any CPU
		{AF50F606-ADF6-43CB-A23E-75FA27753767}.Debug|Any CPU.ActiveCfg = Debug|Any CPU
		{AF50F606-ADF6-43CB-A23E-75FA27753767}.Debug|Any CPU.Build.0 = Debug|Any CPU
		{AF50F606-ADF6-43CB-A23E-75FA27753767}.Release|Any CPU.ActiveCfg = Release|Any CPU
		{AF50F606-ADF6-43CB-A23E-75FA27753767}.Release|Any CPU.Build.0 = Release|Any CPU
	EndGlobalSection
	GlobalSection(SolutionProperties) = preSolution
		HideSolutionNode = FALSE
	EndGlobalSection
	GlobalSection(NestedProjects) = preSolution
		{E497813F-4C84-4CC0-B1B6-413ACCC1D09B} = {5A0294E5-38D0-4ADB-A0CA-513CC70036BB}
		{AF50F606-ADF6-43CB-A23E-75FA27753767} = {5A0294E5-38D0-4ADB-A0CA-513CC70036BB}
	EndGlobalSection
EndGlobal
